
Microsoft Visual Studio Solution File, Format Version 12.00
# Visual Studio Version 17
VisualStudioVersion = 17.8.34525.116
MinimumVisualStudioVersion = 10.0.40219.1
Project("{151D2E53-A2C4-4D7D-83FE-D05416EBD58E}") = "AzureResourceGroupARM", "AzureResourceGroupARM\AzureResourceGroupARM.deployproj", "{D6288C11-91B4-4478-992F-B8B2B991B6D0}"
EndProject
Global
	GlobalSection(SolutionConfigurationPlatforms) = preSolution
		Debug|Any CPU = Debug|Any CPU
		Release|Any CPU = Release|Any CPU
	EndGlobalSection
	GlobalSection(ProjectConfigurationPlatforms) = postSolution
		{D6288C11-91B4-4478-992F-B8B2B991B6D0}.Debug|Any CPU.ActiveCfg = Debug|Any CPU
		{D6288C11-91B4-4478-992F-B8B2B991B6D0}.Debug|Any CPU.Build.0 = Debug|Any CPU
		{D6288C11-91B4-4478-992F-B8B2B991B6D0}.Release|Any CPU.ActiveCfg = Release|Any CPU
		{D6288C11-91B4-4478-992F-B8B2B991B6D0}.Release|Any CPU.Build.0 = Release|Any CPU
	EndGlobalSection
	GlobalSection(SolutionProperties) = preSolution
		HideSolutionNode = FALSE
	EndGlobalSection
	GlobalSection(ExtensibilityGlobals) = postSolution
		SolutionGuid = {4DBB0430-5277-4512-980E-B4C593C4454F}
	EndGlobalSection
EndGlobal
